// !$*UTF8*$!
{
	archiveVersion = 1;
	classes = {
	};
	objectVersion = 50;
	objects = {

/* Begin PBXBuildFile section */
		BB4B22A423FFE70C00174B87 /* AppDelegate.swift in Sources */ = {isa = PBXBuildFile; fileRef = BB4B22A323FFE70C00174B87 /* AppDelegate.swift */; };
		BB4B22A723FFE70C00174B87 /* SoRRINDO.xcdatamodeld in Sources */ = {isa = PBXBuildFile; fileRef = BB4B22A523FFE70C00174B87 /* SoRRINDO.xcdatamodeld */; };
		BB4B22A923FFE70C00174B87 /* SceneDelegate.swift in Sources */ = {isa = PBXBuildFile; fileRef = BB4B22A823FFE70C00174B87 /* SceneDelegate.swift */; };
		BB4B22AB23FFE70C00174B87 /* MasterViewController.swift in Sources */ = {isa = PBXBuildFile; fileRef = BB4B22AA23FFE70C00174B87 /* MasterViewController.swift */; };
		BB4B22AD23FFE70C00174B87 /* DetailViewController.swift in Sources */ = {isa = PBXBuildFile; fileRef = BB4B22AC23FFE70C00174B87 /* DetailViewController.swift */; };
		BB4B22B023FFE70C00174B87 /* Main.storyboard in Resources */ = {isa = PBXBuildFile; fileRef = BB4B22AE23FFE70C00174B87 /* Main.storyboard */; };
		BB4B22B223FFE71100174B87 /* Assets.xcassets in Resources */ = {isa = PBXBuildFile; fileRef = BB4B22B123FFE71100174B87 /* Assets.xcassets */; };
		BB4B22B523FFE71100174B87 /* LaunchScreen.storyboard in Resources */ = {isa = PBXBuildFile; fileRef = BB4B22B323FFE71100174B87 /* LaunchScreen.storyboard */; };
		BB4B22C023FFE71100174B87 /* MasterViewControllerTests.swift in Sources */ = {isa = PBXBuildFile; fileRef = BB4B22BF23FFE71100174B87 /* MasterViewControllerTests.swift */; };
		BB4B22DC23FFF01F00174B87 /* SoRRINDOUITests.swift in Sources */ = {isa = PBXBuildFile; fileRef = BB4B22CA23FFE71100174B87 /* SoRRINDOUITests.swift */; };
		BB4B22E623FFF40A00174B87 /* DetailViewControllerTestes.swift in Sources */ = {isa = PBXBuildFile; fileRef = BB4B22E523FFF40A00174B87 /* DetailViewControllerTestes.swift */; };
/* End PBXBuildFile section */

/* Begin PBXContainerItemProxy section */
		BB4B22BC23FFE71100174B87 /* PBXContainerItemProxy */ = {
			isa = PBXContainerItemProxy;
			containerPortal = BB4B229823FFE70C00174B87 /* Project object */;
			proxyType = 1;
			remoteGlobalIDString = BB4B229F23FFE70C00174B87;
			remoteInfo = SoRRINDO;
		};
		BB4B22C723FFE71100174B87 /* PBXContainerItemProxy */ = {
			isa = PBXContainerItemProxy;
			containerPortal = BB4B229823FFE70C00174B87 /* Project object */;
			proxyType = 1;
			remoteGlobalIDString = BB4B229F23FFE70C00174B87;
			remoteInfo = SoRRINDO;
		};
/* End PBXContainerItemProxy section */

/* Begin PBXFileReference section */
		BB4B22A023FFE70C00174B87 /* SoRRINDO.app */ = {isa = PBXFileReference; explicitFileType = wrapper.application; includeInIndex = 0; path = SoRRINDO.app; sourceTree = BUILT_PRODUCTS_DIR; };
		BB4B22A323FFE70C00174B87 /* AppDelegate.swift */ = {isa = PBXFileReference; lastKnownFileType = sourcecode.swift; path = AppDelegate.swift; sourceTree = "<group>"; };
		BB4B22A623FFE70C00174B87 /* SoRRINDO.xcdatamodel */ = {isa = PBXFileReference; lastKnownFileType = wrapper.xcdatamodel; path = SoRRINDO.xcdatamodel; sourceTree = "<group>"; };
		BB4B22A823FFE70C00174B87 /* SceneDelegate.swift */ = {isa = PBXFileReference; lastKnownFileType = sourcecode.swift; path = SceneDelegate.swift; sourceTree = "<group>"; };
		BB4B22AA23FFE70C00174B87 /* MasterViewController.swift */ = {isa = PBXFileReference; lastKnownFileType = sourcecode.swift; path = MasterViewController.swift; sourceTree = "<group>"; };
		BB4B22AC23FFE70C00174B87 /* DetailViewController.swift */ = {isa = PBXFileReference; lastKnownFileType = sourcecode.swift; path = DetailViewController.swift; sourceTree = "<group>"; };
		BB4B22AF23FFE70C00174B87 /* Base */ = {isa = PBXFileReference; lastKnownFileType = file.storyboard; name = Base; path = Base.lproj/Main.storyboard; sourceTree = "<group>"; };
		BB4B22B123FFE71100174B87 /* Assets.xcassets */ = {isa = PBXFileReference; lastKnownFileType = folder.assetcatalog; path = Assets.xcassets; sourceTree = "<group>"; };
		BB4B22B423FFE71100174B87 /* Base */ = {isa = PBXFileReference; lastKnownFileType = file.storyboard; name = Base; path = Base.lproj/LaunchScreen.storyboard; sourceTree = "<group>"; };
		BB4B22B623FFE71100174B87 /* Info.plist */ = {isa = PBXFileReference; lastKnownFileType = text.plist.xml; path = Info.plist; sourceTree = "<group>"; };
		BB4B22BB23FFE71100174B87 /* Tests.xctest */ = {isa = PBXFileReference; explicitFileType = wrapper.cfbundle; includeInIndex = 0; path = Tests.xctest; sourceTree = BUILT_PRODUCTS_DIR; };
		BB4B22BF23FFE71100174B87 /* MasterViewControllerTests.swift */ = {isa = PBXFileReference; lastKnownFileType = sourcecode.swift; path = MasterViewControllerTests.swift; sourceTree = "<group>"; };
		BB4B22C123FFE71100174B87 /* Info.plist */ = {isa = PBXFileReference; lastKnownFileType = text.plist.xml; path = Info.plist; sourceTree = "<group>"; };
		BB4B22C623FFE71100174B87 /* UITests.xctest */ = {isa = PBXFileReference; explicitFileType = wrapper.cfbundle; includeInIndex = 0; path = UITests.xctest; sourceTree = BUILT_PRODUCTS_DIR; };
		BB4B22CA23FFE71100174B87 /* SoRRINDOUITests.swift */ = {isa = PBXFileReference; lastKnownFileType = sourcecode.swift; path = SoRRINDOUITests.swift; sourceTree = "<group>"; };
		BB4B22CC23FFE71100174B87 /* Info.plist */ = {isa = PBXFileReference; lastKnownFileType = text.plist.xml; path = Info.plist; sourceTree = "<group>"; };
		BB4B22E523FFF40A00174B87 /* DetailViewControllerTestes.swift */ = {isa = PBXFileReference; lastKnownFileType = sourcecode.swift; path = DetailViewControllerTestes.swift; sourceTree = "<group>"; };
/* End PBXFileReference section */

/* Begin PBXFrameworksBuildPhase section */
		BB4B229D23FFE70C00174B87 /* Frameworks */ = {
			isa = PBXFrameworksBuildPhase;
			buildActionMask = 2147483647;
			files = (
			);
			runOnlyForDeploymentPostprocessing = 0;
		};
		BB4B22B823FFE71100174B87 /* Frameworks */ = {
			isa = PBXFrameworksBuildPhase;
			buildActionMask = 2147483647;
			files = (
			);
			runOnlyForDeploymentPostprocessing = 0;
		};
		BB4B22C323FFE71100174B87 /* Frameworks */ = {
			isa = PBXFrameworksBuildPhase;
			buildActionMask = 2147483647;
			files = (
			);
			runOnlyForDeploymentPostprocessing = 0;
		};
/* End PBXFrameworksBuildPhase section */

/* Begin PBXGroup section */
		BB4B229723FFE70C00174B87 = {
			isa = PBXGroup;
			children = (
				BB4B22A223FFE70C00174B87 /* App */,
				BB4B22BE23FFE71100174B87 /* Tests */,
				BB4B22C923FFE71100174B87 /* UITests */,
				BB4B22A123FFE70C00174B87 /* Products */,
			);
			sourceTree = "<group>";
		};
		BB4B22A123FFE70C00174B87 /* Products */ = {
			isa = PBXGroup;
			children = (
				BB4B22A023FFE70C00174B87 /* SoRRINDO.app */,
				BB4B22BB23FFE71100174B87 /* Tests.xctest */,
				BB4B22C623FFE71100174B87 /* UITests.xctest */,
			);
			name = Products;
			sourceTree = "<group>";
		};
		BB4B22A223FFE70C00174B87 /* App */ = {
			isa = PBXGroup;
			children = (
				BB4B22E223FFF20000174B87 /* Sources */,
				BB4B22B623FFE71100174B87 /* Info.plist */,
				BB4B22E123FFF12100174B87 /* Resources */,
			);
			path = App;
			sourceTree = "<group>";
		};
		BB4B22BE23FFE71100174B87 /* Tests */ = {
			isa = PBXGroup;
			children = (
				BB4B22E323FFF29A00174B87 /* Sources */,
				BB4B22C123FFE71100174B87 /* Info.plist */,
			);
			path = Tests;
			sourceTree = "<group>";
		};
		BB4B22C923FFE71100174B87 /* UITests */ = {
			isa = PBXGroup;
			children = (
				BB4B22CA23FFE71100174B87 /* SoRRINDOUITests.swift */,
				BB4B22CC23FFE71100174B87 /* Info.plist */,
			);
			path = UITests;
			sourceTree = "<group>";
		};
		BB4B22DE23FFF07D00174B87 /* Views */ = {
			isa = PBXGroup;
			children = (
				BB4B22B323FFE71100174B87 /* LaunchScreen.storyboard */,
				BB4B22AE23FFE70C00174B87 /* Main.storyboard */,
			);
			path = Views;
			sourceTree = "<group>";
		};
		BB4B22DF23FFF09200174B87 /* Controllers */ = {
			isa = PBXGroup;
			children = (
				BB4B22AC23FFE70C00174B87 /* DetailViewController.swift */,
				BB4B22AA23FFE70C00174B87 /* MasterViewController.swift */,
			);
			path = Controllers;
			sourceTree = "<group>";
		};
		BB4B22E123FFF12100174B87 /* Resources */ = {
			isa = PBXGroup;
			children = (
				BB4B22A523FFE70C00174B87 /* SoRRINDO.xcdatamodeld */,
				BB4B22B123FFE71100174B87 /* Assets.xcassets */,
			);
			path = Resources;
			sourceTree = "<group>";
		};
		BB4B22E223FFF20000174B87 /* Sources */ = {
			isa = PBXGroup;
			children = (
				BB4B22A823FFE70C00174B87 /* SceneDelegate.swift */,
				BB4B22A323FFE70C00174B87 /* AppDelegate.swift */,
				BB4B22DF23FFF09200174B87 /* Controllers */,
				BB4B22DE23FFF07D00174B87 /* Views */,
			);
			path = Sources;
			sourceTree = "<group>";
		};
		BB4B22E323FFF29A00174B87 /* Sources */ = {
			isa = PBXGroup;
			children = (
				BB4B22E423FFF2C500174B87 /* Controllers */,
			);
			path = Sources;
			sourceTree = "<group>";
		};
		BB4B22E423FFF2C500174B87 /* Controllers */ = {
			isa = PBXGroup;
			children = (
				BB4B22BF23FFE71100174B87 /* MasterViewControllerTests.swift */,
				BB4B22E523FFF40A00174B87 /* DetailViewControllerTestes.swift */,
			);
			path = Controllers;
			sourceTree = "<group>";
		};
/* End PBXGroup section */

/* Begin PBXNativeTarget section */
		BB4B229F23FFE70C00174B87 /* App */ = {
			isa = PBXNativeTarget;
			buildConfigurationList = BB4B22CF23FFE71100174B87 /* Build configuration list for PBXNativeTarget "App" */;
			buildPhases = (
				BB4B229C23FFE70C00174B87 /* Sources */,
				BB4B229D23FFE70C00174B87 /* Frameworks */,
				BB4B229E23FFE70C00174B87 /* Resources */,
			);
			buildRules = (
			);
			dependencies = (
			);
			name = App;
			productName = SoRRINDO;
			productReference = BB4B22A023FFE70C00174B87 /* SoRRINDO.app */;
			productType = "com.apple.product-type.application";
		};
		BB4B22BA23FFE71100174B87 /* Tests */ = {
			isa = PBXNativeTarget;
			buildConfigurationList = BB4B22D223FFE71100174B87 /* Build configuration list for PBXNativeTarget "Tests" */;
			buildPhases = (
				BB4B22B723FFE71100174B87 /* Sources */,
				BB4B22B823FFE71100174B87 /* Frameworks */,
				BB4B22B923FFE71100174B87 /* Resources */,
			);
			buildRules = (
			);
			dependencies = (
				BB4B22BD23FFE71100174B87 /* PBXTargetDependency */,
			);
			name = Tests;
			productName = SoRRINDOTests;
			productReference = BB4B22BB23FFE71100174B87 /* Tests.xctest */;
			productType = "com.apple.product-type.bundle.unit-test";
		};
		BB4B22C523FFE71100174B87 /* UITests */ = {
			isa = PBXNativeTarget;
			buildConfigurationList = BB4B22D523FFE71100174B87 /* Build configuration list for PBXNativeTarget "UITests" */;
			buildPhases = (
				BB4B22C223FFE71100174B87 /* Sources */,
				BB4B22C323FFE71100174B87 /* Frameworks */,
				BB4B22C423FFE71100174B87 /* Resources */,
			);
			buildRules = (
			);
			dependencies = (
				BB4B22C823FFE71100174B87 /* PBXTargetDependency */,
			);
			name = UITests;
			productName = SoRRINDOUITests;
			productReference = BB4B22C623FFE71100174B87 /* UITests.xctest */;
			productType = "com.apple.product-type.bundle.ui-testing";
		};
/* End PBXNativeTarget section */

/* Begin PBXProject section */
		BB4B229823FFE70C00174B87 /* Project object */ = {
			isa = PBXProject;
			attributes = {
				LastSwiftUpdateCheck = 1130;
				LastUpgradeCheck = 1130;
				ORGANIZATIONNAME = "Henrique Melo";
				TargetAttributes = {
					BB4B229F23FFE70C00174B87 = {
						CreatedOnToolsVersion = 11.3.1;
					};
					BB4B22BA23FFE71100174B87 = {
						CreatedOnToolsVersion = 11.3.1;
						TestTargetID = BB4B229F23FFE70C00174B87;
					};
					BB4B22C523FFE71100174B87 = {
						CreatedOnToolsVersion = 11.3.1;
						TestTargetID = BB4B229F23FFE70C00174B87;
					};
				};
			};
			buildConfigurationList = BB4B229B23FFE70C00174B87 /* Build configuration list for PBXProject "SoRRINDO" */;
			compatibilityVersion = "Xcode 9.3";
			developmentRegion = en;
			hasScannedForEncodings = 0;
			knownRegions = (
				en,
				Base,
			);
			mainGroup = BB4B229723FFE70C00174B87;
			productRefGroup = BB4B22A123FFE70C00174B87 /* Products */;
			projectDirPath = "";
			projectRoot = "";
			targets = (
				BB4B229F23FFE70C00174B87 /* App */,
				BB4B22BA23FFE71100174B87 /* Tests */,
				BB4B22C523FFE71100174B87 /* UITests */,
			);
		};
/* End PBXProject section */

/* Begin PBXResourcesBuildPhase section */
		BB4B229E23FFE70C00174B87 /* Resources */ = {
			isa = PBXResourcesBuildPhase;
			buildActionMask = 2147483647;
			files = (
				BB4B22B523FFE71100174B87 /* LaunchScreen.storyboard in Resources */,
				BB4B22B223FFE71100174B87 /* Assets.xcassets in Resources */,
				BB4B22B023FFE70C00174B87 /* Main.storyboard in Resources */,
			);
			runOnlyForDeploymentPostprocessing = 0;
		};
		BB4B22B923FFE71100174B87 /* Resources */ = {
			isa = PBXResourcesBuildPhase;
			buildActionMask = 2147483647;
			files = (
			);
			runOnlyForDeploymentPostprocessing = 0;
		};
		BB4B22C423FFE71100174B87 /* Resources */ = {
			isa = PBXResourcesBuildPhase;
			buildActionMask = 2147483647;
			files = (
			);
			runOnlyForDeploymentPostprocessing = 0;
		};
/* End PBXResourcesBuildPhase section */

/* Begin PBXSourcesBuildPhase section */
		BB4B229C23FFE70C00174B87 /* Sources */ = {
			isa = PBXSourcesBuildPhase;
			buildActionMask = 2147483647;
			files = (
				BB4B22AB23FFE70C00174B87 /* MasterViewController.swift in Sources */,
				BB4B22A423FFE70C00174B87 /* AppDelegate.swift in Sources */,
				BB4B22AD23FFE70C00174B87 /* DetailViewController.swift in Sources */,
				BB4B22A723FFE70C00174B87 /* SoRRINDO.xcdatamodeld in Sources */,
				BB4B22A923FFE70C00174B87 /* SceneDelegate.swift in Sources */,
			);
			runOnlyForDeploymentPostprocessing = 0;
		};
		BB4B22B723FFE71100174B87 /* Sources */ = {
			isa = PBXSourcesBuildPhase;
			buildActionMask = 2147483647;
			files = (
				BB4B22E623FFF40A00174B87 /* DetailViewControllerTestes.swift in Sources */,
				BB4B22C023FFE71100174B87 /* MasterViewControllerTests.swift in Sources */,
			);
			runOnlyForDeploymentPostprocessing = 0;
		};
		BB4B22C223FFE71100174B87 /* Sources */ = {
			isa = PBXSourcesBuildPhase;
			buildActionMask = 2147483647;
			files = (
				BB4B22DC23FFF01F00174B87 /* SoRRINDOUITests.swift in Sources */,
			);
			runOnlyForDeploymentPostprocessing = 0;
		};
/* End PBXSourcesBuildPhase section */

/* Begin PBXTargetDependency section */
		BB4B22BD23FFE71100174B87 /* PBXTargetDependency */ = {
			isa = PBXTargetDependency;
			target = BB4B229F23FFE70C00174B87 /* App */;
			targetProxy = BB4B22BC23FFE71100174B87 /* PBXContainerItemProxy */;
		};
		BB4B22C823FFE71100174B87 /* PBXTargetDependency */ = {
			isa = PBXTargetDependency;
			target = BB4B229F23FFE70C00174B87 /* App */;
			targetProxy = BB4B22C723FFE71100174B87 /* PBXContainerItemProxy */;
		};
/* End PBXTargetDependency section */

/* Begin PBXVariantGroup section */
		BB4B22AE23FFE70C00174B87 /* Main.storyboard */ = {
			isa = PBXVariantGroup;
			children = (
				BB4B22AF23FFE70C00174B87 /* Base */,
			);
			name = Main.storyboard;
			sourceTree = "<group>";
		};
		BB4B22B323FFE71100174B87 /* LaunchScreen.storyboard */ = {
			isa = PBXVariantGroup;
			children = (
				BB4B22B423FFE71100174B87 /* Base */,
			);
			name = LaunchScreen.storyboard;
			sourceTree = "<group>";
		};
/* End PBXVariantGroup section */

/* Begin XCBuildConfiguration section */
		BB4B22CD23FFE71100174B87 /* Debug */ = {
			isa = XCBuildConfiguration;
			buildSettings = {
				ALWAYS_SEARCH_USER_PATHS = NO;
				CLANG_ANALYZER_NONNULL = YES;
				CLANG_ANALYZER_NUMBER_OBJECT_CONVERSION = YES_AGGRESSIVE;
				CLANG_CXX_LANGUAGE_STANDARD = "gnu++14";
				CLANG_CXX_LIBRARY = "libc++";
				CLANG_ENABLE_MODULES = YES;
				CLANG_ENABLE_OBJC_ARC = YES;
				CLANG_ENABLE_OBJC_WEAK = YES;
				CLANG_WARN_BLOCK_CAPTURE_AUTORELEASING = YES;
				CLANG_WARN_BOOL_CONVERSION = YES;
				CLANG_WARN_COMMA = YES;
				CLANG_WARN_CONSTANT_CONVERSION = YES;
				CLANG_WARN_DEPRECATED_OBJC_IMPLEMENTATIONS = YES;
				CLANG_WARN_DIRECT_OBJC_ISA_USAGE = YES_ERROR;
				CLANG_WARN_DOCUMENTATION_COMMENTS = YES;
				CLANG_WARN_EMPTY_BODY = YES;
				CLANG_WARN_ENUM_CONVERSION = YES;
				CLANG_WARN_INFINITE_RECURSION = YES;
				CLANG_WARN_INT_CONVERSION = YES;
				CLANG_WARN_NON_LITERAL_NULL_CONVERSION = YES;
				CLANG_WARN_OBJC_IMPLICIT_RETAIN_SELF = YES;
				CLANG_WARN_OBJC_LITERAL_CONVERSION = YES;
				CLANG_WARN_OBJC_ROOT_CLASS = YES_ERROR;
				CLANG_WARN_RANGE_LOOP_ANALYSIS = YES;
				CLANG_WARN_STRICT_PROTOTYPES = YES;
				CLANG_WARN_SUSPICIOUS_MOVE = YES;
				CLANG_WARN_UNGUARDED_AVAILABILITY = YES_AGGRESSIVE;
				CLANG_WARN_UNREACHABLE_CODE = YES;
				CLANG_WARN__DUPLICATE_METHOD_MATCH = YES;
				COPY_PHASE_STRIP = NO;
				DEBUG_INFORMATION_FORMAT = dwarf;
				ENABLE_STRICT_OBJC_MSGSEND = YES;
				ENABLE_TESTABILITY = YES;
				GCC_C_LANGUAGE_STANDARD = gnu11;
				GCC_DYNAMIC_NO_PIC = NO;
				GCC_NO_COMMON_BLOCKS = YES;
				GCC_OPTIMIZATION_LEVEL = 0;
				GCC_PREPROCESSOR_DEFINITIONS = (
					"DEBUG=1",
					"$(inherited)",
				);
				GCC_WARN_64_TO_32_BIT_CONVERSION = YES;
				GCC_WARN_ABOUT_RETURN_TYPE = YES_ERROR;
				GCC_WARN_UNDECLARED_SELECTOR = YES;
				GCC_WARN_UNINITIALIZED_AUTOS = YES_AGGRESSIVE;
				GCC_WARN_UNUSED_FUNCTION = YES;
				GCC_WARN_UNUSED_VARIABLE = YES;
				IPHONEOS_DEPLOYMENT_TARGET = 13.2;
				MTL_ENABLE_DEBUG_INFO = INCLUDE_SOURCE;
				MTL_FAST_MATH = YES;
				ONLY_ACTIVE_ARCH = YES;
				SDKROOT = iphoneos;
				SWIFT_ACTIVE_COMPILATION_CONDITIONS = DEBUG;
				SWIFT_OPTIMIZATION_LEVEL = "-Onone";
			};
			name = Debug;
		};
		BB4B22CE23FFE71100174B87 /* Release */ = {
			isa = XCBuildConfiguration;
			buildSettings = {
				ALWAYS_SEARCH_USER_PATHS = NO;
				CLANG_ANALYZER_NONNULL = YES;
				CLANG_ANALYZER_NUMBER_OBJECT_CONVERSION = YES_AGGRESSIVE;
				CLANG_CXX_LANGUAGE_STANDARD = "gnu++14";
				CLANG_CXX_LIBRARY = "libc++";
				CLANG_ENABLE_MODULES = YES;
				CLANG_ENABLE_OBJC_ARC = YES;
				CLANG_ENABLE_OBJC_WEAK = YES;
				CLANG_WARN_BLOCK_CAPTURE_AUTORELEASING = YES;
				CLANG_WARN_BOOL_CONVERSION = YES;
				CLANG_WARN_COMMA = YES;
				CLANG_WARN_CONSTANT_CONVERSION = YES;
				CLANG_WARN_DEPRECATED_OBJC_IMPLEMENTATIONS = YES;
				CLANG_WARN_DIRECT_OBJC_ISA_USAGE = YES_ERROR;
				CLANG_WARN_DOCUMENTATION_COMMENTS = YES;
				CLANG_WARN_EMPTY_BODY = YES;
				CLANG_WARN_ENUM_CONVERSION = YES;
				CLANG_WARN_INFINITE_RECURSION = YES;
				CLANG_WARN_INT_CONVERSION = YES;
				CLANG_WARN_NON_LITERAL_NULL_CONVERSION = YES;
				CLANG_WARN_OBJC_IMPLICIT_RETAIN_SELF = YES;
				CLANG_WARN_OBJC_LITERAL_CONVERSION = YES;
				CLANG_WARN_OBJC_ROOT_CLASS = YES_ERROR;
				CLANG_WARN_RANGE_LOOP_ANALYSIS = YES;
				CLANG_WARN_STRICT_PROTOTYPES = YES;
				CLANG_WARN_SUSPICIOUS_MOVE = YES;
				CLANG_WARN_UNGUARDED_AVAILABILITY = YES_AGGRESSIVE;
				CLANG_WARN_UNREACHABLE_CODE = YES;
				CLANG_WARN__DUPLICATE_METHOD_MATCH = YES;
				COPY_PHASE_STRIP = NO;
				DEBUG_INFORMATION_FORMAT = "dwarf-with-dsym";
				ENABLE_NS_ASSERTIONS = NO;
				ENABLE_STRICT_OBJC_MSGSEND = YES;
				GCC_C_LANGUAGE_STANDARD = gnu11;
				GCC_NO_COMMON_BLOCKS = YES;
				GCC_WARN_64_TO_32_BIT_CONVERSION = YES;
				GCC_WARN_ABOUT_RETURN_TYPE = YES_ERROR;
				GCC_WARN_UNDECLARED_SELECTOR = YES;
				GCC_WARN_UNINITIALIZED_AUTOS = YES_AGGRESSIVE;
				GCC_WARN_UNUSED_FUNCTION = YES;
				GCC_WARN_UNUSED_VARIABLE = YES;
				IPHONEOS_DEPLOYMENT_TARGET = 13.2;
				MTL_ENABLE_DEBUG_INFO = NO;
				MTL_FAST_MATH = YES;
				SDKROOT = iphoneos;
				SWIFT_COMPILATION_MODE = wholemodule;
				SWIFT_OPTIMIZATION_LEVEL = "-O";
				VALIDATE_PRODUCT = YES;
			};
			name = Release;
		};
		BB4B22D023FFE71100174B87 /* Debug */ = {
			isa = XCBuildConfiguration;
			buildSettings = {
				ASSETCATALOG_COMPILER_APPICON_NAME = AppIcon;
				CODE_SIGN_STYLE = Automatic;
				INFOPLIST_FILE = App/Info.plist;
				LD_RUNPATH_SEARCH_PATHS = (
					"$(inherited)",
					"@executable_path/Frameworks",
				);
				PRODUCT_BUNDLE_IDENTIFIER = risos.SoRRINDO;
				PRODUCT_NAME = SoRRINDO;
				SWIFT_VERSION = 5.0;
				TARGETED_DEVICE_FAMILY = "1,2";
			};
			name = Debug;
		};
		BB4B22D123FFE71100174B87 /* Release */ = {
			isa = XCBuildConfiguration;
			buildSettings = {
				ASSETCATALOG_COMPILER_APPICON_NAME = AppIcon;
				CODE_SIGN_STYLE = Automatic;
				INFOPLIST_FILE = App/Info.plist;
				LD_RUNPATH_SEARCH_PATHS = (
					"$(inherited)",
					"@executable_path/Frameworks",
				);
				PRODUCT_BUNDLE_IDENTIFIER = risos.SoRRINDO;
				PRODUCT_NAME = SoRRINDO;
				SWIFT_VERSION = 5.0;
				TARGETED_DEVICE_FAMILY = "1,2";
			};
			name = Release;
		};
		BB4B22D323FFE71100174B87 /* Debug */ = {
			isa = XCBuildConfiguration;
			buildSettings = {
				ALWAYS_EMBED_SWIFT_STANDARD_LIBRARIES = YES;
				BUNDLE_LOADER = "$(TEST_HOST)";
				CODE_SIGN_STYLE = Automatic;
				INFOPLIST_FILE = Tests/Info.plist;
				IPHONEOS_DEPLOYMENT_TARGET = 13.2;
				LD_RUNPATH_SEARCH_PATHS = (
					"$(inherited)",
					"@executable_path/Frameworks",
					"@loader_path/Frameworks",
				);
				PRODUCT_BUNDLE_IDENTIFIER = risos.SoRRINDOTests;
				PRODUCT_NAME = "$(TARGET_NAME)";
				SWIFT_VERSION = 5.0;
				TARGETED_DEVICE_FAMILY = "1,2";
				TEST_HOST = "$(BUILT_PRODUCTS_DIR)/SoRRINDO.app/SoRRINDO";
			};
			name = Debug;
		};
		BB4B22D423FFE71100174B87 /* Release */ = {
			isa = XCBuildConfiguration;
			buildSettings = {
				ALWAYS_EMBED_SWIFT_STANDARD_LIBRARIES = YES;
				BUNDLE_LOADER = "$(TEST_HOST)";
				CODE_SIGN_STYLE = Automatic;
				INFOPLIST_FILE = Tests/Info.plist;
				IPHONEOS_DEPLOYMENT_TARGET = 13.2;
				LD_RUNPATH_SEARCH_PATHS = (
					"$(inherited)",
					"@executable_path/Frameworks",
					"@loader_path/Frameworks",
				);
				PRODUCT_BUNDLE_IDENTIFIER = risos.SoRRINDOTests;
				PRODUCT_NAME = "$(TARGET_NAME)";
				SWIFT_VERSION = 5.0;
				TARGETED_DEVICE_FAMILY = "1,2";
				TEST_HOST = "$(BUILT_PRODUCTS_DIR)/SoRRINDO.app/SoRRINDO";
			};
			name = Release;
		};
		BB4B22D623FFE71100174B87 /* Debug */ = {
			isa = XCBuildConfiguration;
			buildSettings = {
				ALWAYS_EMBED_SWIFT_STANDARD_LIBRARIES = YES;
				CODE_SIGN_STYLE = Automatic;
				INFOPLIST_FILE = UITests/Info.plist;
				LD_RUNPATH_SEARCH_PATHS = (
					"$(inherited)",
					"@executable_path/Frameworks",
					"@loader_path/Frameworks",
				);
				PRODUCT_BUNDLE_IDENTIFIER = risos.SoRRINDOUITests;
				PRODUCT_NAME = "$(TARGET_NAME)";
				SWIFT_VERSION = 5.0;
				TARGETED_DEVICE_FAMILY = "1,2";
				TEST_TARGET_NAME = SoRRINDO;
			};
			name = Debug;
		};
		BB4B22D723FFE71100174B87 /* Release */ = {
			isa = XCBuildConfiguration;
			buildSettings = {
				ALWAYS_EMBED_SWIFT_STANDARD_LIBRARIES = YES;
				CODE_SIGN_STYLE = Automatic;
				INFOPLIST_FILE = UITests/Info.plist;
				LD_RUNPATH_SEARCH_PATHS = (
					"$(inherited)",
					"@executable_path/Frameworks",
					"@loader_path/Frameworks",
				);
				PRODUCT_BUNDLE_IDENTIFIER = risos.SoRRINDOUITests;
				PRODUCT_NAME = "$(TARGET_NAME)";
				SWIFT_VERSION = 5.0;
				TARGETED_DEVICE_FAMILY = "1,2";
				TEST_TARGET_NAME = SoRRINDO;
			};
			name = Release;
		};
/* End XCBuildConfiguration section */

/* Begin XCConfigurationList section */
		BB4B229B23FFE70C00174B87 /* Build configuration list for PBXProject "SoRRINDO" */ = {
			isa = XCConfigurationList;
			buildConfigurations = (
				BB4B22CD23FFE71100174B87 /* Debug */,
				BB4B22CE23FFE71100174B87 /* Release */,
			);
			defaultConfigurationIsVisible = 0;
			defaultConfigurationName = Release;
		};
		BB4B22CF23FFE71100174B87 /* Build configuration list for PBXNativeTarget "App" */ = {
			isa = XCConfigurationList;
			buildConfigurations = (
				BB4B22D023FFE71100174B87 /* Debug */,
				BB4B22D123FFE71100174B87 /* Release */,
			);
			defaultConfigurationIsVisible = 0;
			defaultConfigurationName = Release;
		};
		BB4B22D223FFE71100174B87 /* Build configuration list for PBXNativeTarget "Tests" */ = {
			isa = XCConfigurationList;
			buildConfigurations = (
				BB4B22D323FFE71100174B87 /* Debug */,
				BB4B22D423FFE71100174B87 /* Release */,
			);
			defaultConfigurationIsVisible = 0;
			defaultConfigurationName = Release;
		};
		BB4B22D523FFE71100174B87 /* Build configuration list for PBXNativeTarget "UITests" */ = {
			isa = XCConfigurationList;
			buildConfigurations = (
				BB4B22D623FFE71100174B87 /* Debug */,
				BB4B22D723FFE71100174B87 /* Release */,
			);
			defaultConfigurationIsVisible = 0;
			defaultConfigurationName = Release;
		};
/* End XCConfigurationList section */

/* Begin XCVersionGroup section */
		BB4B22A523FFE70C00174B87 /* SoRRINDO.xcdatamodeld */ = {
			isa = XCVersionGroup;
			children = (
				BB4B22A623FFE70C00174B87 /* SoRRINDO.xcdatamodel */,
			);
			currentVersion = BB4B22A623FFE70C00174B87 /* SoRRINDO.xcdatamodel */;
			path = SoRRINDO.xcdatamodeld;
			sourceTree = "<group>";
			versionGroupType = wrapper.xcdatamodel;
		};
/* End XCVersionGroup section */
	};
	rootObject = BB4B229823FFE70C00174B87 /* Project object */;
}
